
Microsoft Visual Studio Solution File, Format Version 11.00
# Visual Studio 2010
Project("{8BC9CEB8-8B4A-11D0-8D11-00A0C91BC942}") = "m4acut", "m4acut.vcxproj", "{EFDD997D-2B66-4EA1-AAA5-D8B33CA2C72C}"
EndProject
Global
	GlobalSection(SolutionConfigurationPlatforms) = preSolution
		Debug|Win32 = Debug|Win32
		Release|Win32 = Release|Win32
	EndGlobalSection
	GlobalSection(ProjectConfigurationPlatforms) = postSolution
		{EFDD997D-2B66-4EA1-AAA5-D8B33CA2C72C}.Debug|Win32.ActiveCfg = Debug|Win32
		{EFDD997D-2B66-4EA1-AAA5-D8B33CA2C72C}.Debug|Win32.Build.0 = Debug|Win32
		{EFDD997D-2B66-4EA1-AAA5-D8B33CA2C72C}.Release|Win32.ActiveCfg = Release|Win32
		{EFDD997D-2B66-4EA1-AAA5-D8B33CA2C72C}.Release|Win32.Build.0 = Release|Win32
	EndGlobalSection
	GlobalSection(SolutionProperties) = preSolution
		HideSolutionNode = FALSE
	EndGlobalSection
EndGlobal
